
Microsoft Visual Studio Solution File, Format Version 12.00
# Visual Studio Version 17
VisualStudioVersion = 17.5.33502.453
MinimumVisualStudioVersion = 10.0.40219.1
Project("{FAE04EC0-301F-11D3-BF4B-00C04F79EFBC}") = "SimpleCRUD", "SimpleCRUD\SimpleCRUD.csproj", "{2A38014A-D20E-4E87-B52C-8ABDC370DF80}"
EndProject
Global
	GlobalSection(SolutionConfigurationPlatforms) = preSolution
		Debug|Any CPU = Debug|Any CPU
		Release|Any CPU = Release|Any CPU
	EndGlobalSection
	GlobalSection(ProjectConfigurationPlatforms) = postSolution
		{2A38014A-D20E-4E87-B52C-8ABDC370DF80}.Debug|Any CPU.ActiveCfg = Debug|Any CPU
		{2A38014A-D20E-4E87-B52C-8ABDC370DF80}.Debug|Any CPU.Build.0 = Debug|Any CPU
		{2A38014A-D20E-4E87-B52C-8ABDC370DF80}.Release|Any CPU.ActiveCfg = Release|Any CPU
		{2A38014A-D20E-4E87-B52C-8ABDC370DF80}.Release|Any CPU.Build.0 = Release|Any CPU
	EndGlobalSection
	GlobalSection(SolutionProperties) = preSolution
		HideSolutionNode = FALSE
	EndGlobalSection
	GlobalSection(ExtensibilityGlobals) = postSolution
		SolutionGuid = {B96947F0-A85E-4400-9AF6-DC68079D50D8}
	EndGlobalSection
EndGlobal
