
Microsoft Visual Studio Solution File, Format Version 12.00
# Visual Studio Version 17
VisualStudioVersion = 17.5.33502.453
MinimumVisualStudioVersion = 10.0.40219.1
Project("{9A19103F-16F7-4668-BE54-9A1E7A4F7556}") = "Entities", "Entities\Entities.csproj", "{2BDAACEF-4D85-412A-9C94-B16D79F3E086}"
EndProject
Project("{9A19103F-16F7-4668-BE54-9A1E7A4F7556}") = "ServiceContracts", "ServiceContracts\ServiceContracts.csproj", "{7F6AFDD8-09FC-4DCC-A9FB-7C5377CFC5C2}"
EndProject
Project("{9A19103F-16F7-4668-BE54-9A1E7A4F7556}") = "CRUDTest", "CRUDTest\CRUDTest.csproj", "{D7416781-963D-4855-BFE9-5093A123A23D}"
EndProject
Project("{9A19103F-16F7-4668-BE54-9A1E7A4F7556}") = "Services", "Services\Services.csproj", "{86FECF19-C5B0-43CF-9B10-F7D045E9CFC9}"
EndProject
Global
	GlobalSection(SolutionConfigurationPlatforms) = preSolution
		Debug|Any CPU = Debug|Any CPU
		Release|Any CPU = Release|Any CPU
	EndGlobalSection
	GlobalSection(ProjectConfigurationPlatforms) = postSolution
		{2BDAACEF-4D85-412A-9C94-B16D79F3E086}.Debug|Any CPU.ActiveCfg = Debug|Any CPU
		{2BDAACEF-4D85-412A-9C94-B16D79F3E086}.Debug|Any CPU.Build.0 = Debug|Any CPU
		{2BDAACEF-4D85-412A-9C94-B16D79F3E086}.Release|Any CPU.ActiveCfg = Release|Any CPU
		{2BDAACEF-4D85-412A-9C94-B16D79F3E086}.Release|Any CPU.Build.0 = Release|Any CPU
		{7F6AFDD8-09FC-4DCC-A9FB-7C5377CFC5C2}.Debug|Any CPU.ActiveCfg = Debug|Any CPU
		{7F6AFDD8-09FC-4DCC-A9FB-7C5377CFC5C2}.Debug|Any CPU.Build.0 = Debug|Any CPU
		{7F6AFDD8-09FC-4DCC-A9FB-7C5377CFC5C2}.Release|Any CPU.ActiveCfg = Release|Any CPU
		{7F6AFDD8-09FC-4DCC-A9FB-7C5377CFC5C2}.Release|Any CPU.Build.0 = Release|Any CPU
		{D7416781-963D-4855-BFE9-5093A123A23D}.Debug|Any CPU.ActiveCfg = Debug|Any CPU
		{D7416781-963D-4855-BFE9-5093A123A23D}.Debug|Any CPU.Build.0 = Debug|Any CPU
		{D7416781-963D-4855-BFE9-5093A123A23D}.Release|Any CPU.ActiveCfg = Release|Any CPU
		{D7416781-963D-4855-BFE9-5093A123A23D}.Release|Any CPU.Build.0 = Release|Any CPU
		{86FECF19-C5B0-43CF-9B10-F7D045E9CFC9}.Debug|Any CPU.ActiveCfg = Debug|Any CPU
		{86FECF19-C5B0-43CF-9B10-F7D045E9CFC9}.Debug|Any CPU.Build.0 = Debug|Any CPU
		{86FECF19-C5B0-43CF-9B10-F7D045E9CFC9}.Release|Any CPU.ActiveCfg = Release|Any CPU
		{86FECF19-C5B0-43CF-9B10-F7D045E9CFC9}.Release|Any CPU.Build.0 = Release|Any CPU
	EndGlobalSection
	GlobalSection(SolutionProperties) = preSolution
		HideSolutionNode = FALSE
	EndGlobalSection
	GlobalSection(ExtensibilityGlobals) = postSolution
		SolutionGuid = {B96947F0-A85E-4400-9AF6-DC68079D50D8}
	EndGlobalSection
EndGlobal
